
Microsoft Visual Studio Solution File, Format Version 12.00
# Visual Studio Version 17
VisualStudioVersion = 17.0.31903.59
MinimumVisualStudioVersion = 10.0.40219.1
Project("{FAE04EC0-301F-11D3-BF4B-00C04F79EFBC}") = "WpfLab9", "WpfLab9\WpfLab9.csproj", "{CE667396-06DF-4A54-8814-099BEEA2A496}"
EndProject
Global
	GlobalSection(SolutionConfigurationPlatforms) = preSolution
		Debug|Any CPU = Debug|Any CPU
		Release|Any CPU = Release|Any CPU
	EndGlobalSection
	GlobalSection(ProjectConfigurationPlatforms) = postSolution
		{CE667396-06DF-4A54-8814-099BEEA2A496}.Debug|Any CPU.ActiveCfg = Debug|Any CPU
		{CE667396-06DF-4A54-8814-099BEEA2A496}.Debug|Any CPU.Build.0 = Debug|Any CPU
		{CE667396-06DF-4A54-8814-099BEEA2A496}.Release|Any CPU.ActiveCfg = Release|Any CPU
		{CE667396-06DF-4A54-8814-099BEEA2A496}.Release|Any CPU.Build.0 = Release|Any CPU
	EndGlobalSection
	GlobalSection(SolutionProperties) = preSolution
		HideSolutionNode = FALSE
	EndGlobalSection
	GlobalSection(ExtensibilityGlobals) = postSolution
		SolutionGuid = {20F1C4D1-85F6-4333-B691-1B47A1ED874F}
	EndGlobalSection
EndGlobal
